
Microsoft Visual Studio Solution File, Format Version 12.00
# Visual Studio Version 17
VisualStudioVersion = 17.13.35931.197
MinimumVisualStudioVersion = 10.0.40219.1
Project("{FAE04EC0-301F-11D3-BF4B-00C04F79EFBC}") = "GameStore", "GameStore\GameStore.csproj", "{915B5796-8C25-4765-A089-AAD5478E4F09}"
EndProject
Global
	GlobalSection(SolutionConfigurationPlatforms) = preSolution
		Debug|Any CPU = Debug|Any CPU
		Release|Any CPU = Release|Any CPU
	EndGlobalSection
	GlobalSection(ProjectConfigurationPlatforms) = postSolution
		{915B5796-8C25-4765-A089-AAD5478E4F09}.Debug|Any CPU.ActiveCfg = Debug|Any CPU
		{915B5796-8C25-4765-A089-AAD5478E4F09}.Debug|Any CPU.Build.0 = Debug|Any CPU
		{915B5796-8C25-4765-A089-AAD5478E4F09}.Release|Any CPU.ActiveCfg = Release|Any CPU
		{915B5796-8C25-4765-A089-AAD5478E4F09}.Release|Any CPU.Build.0 = Release|Any CPU
	EndGlobalSection
	GlobalSection(SolutionProperties) = preSolution
		HideSolutionNode = FALSE
	EndGlobalSection
	GlobalSection(ExtensibilityGlobals) = postSolution
		SolutionGuid = {2FF23228-5DE8-43E3-88FF-3A40189351B0}
	EndGlobalSection
EndGlobal
